// !$*UTF8*$!
{
	archiveVersion = 1;
	classes = {
	};
	objectVersion = 50;
	objects = {

/* Begin PBXBuildFile section */
		EE04EF0E24D666B8007E6A96 /* DataManager.swift in Sources */ = {isa = PBXBuildFile; fileRef = EE04EF0D24D666B8007E6A96 /* DataManager.swift */; };
		EE6024AB24D3A8AC0000DAB2 /* ComposeViewController.swift in Sources */ = {isa = PBXBuildFile; fileRef = EE6024AA24D3A8AC0000DAB2 /* ComposeViewController.swift */; };
		EE6024AD24D476CE0000DAB2 /* UIViewController+Alert.swift in Sources */ = {isa = PBXBuildFile; fileRef = EE6024AC24D476CE0000DAB2 /* UIViewController+Alert.swift */; };
		EE6024AF24D649610000DAB2 /* DetailViewController.swift in Sources */ = {isa = PBXBuildFile; fileRef = EE6024AE24D649610000DAB2 /* DetailViewController.swift */; };
		EE93F83924CFBCCD00775ADB /* AppDelegate.swift in Sources */ = {isa = PBXBuildFile; fileRef = EE93F83824CFBCCD00775ADB /* AppDelegate.swift */; };
		EE93F83B24CFBCCD00775ADB /* SceneDelegate.swift in Sources */ = {isa = PBXBuildFile; fileRef = EE93F83A24CFBCCD00775ADB /* SceneDelegate.swift */; };
		EE93F84024CFBCCD00775ADB /* Main.storyboard in Resources */ = {isa = PBXBuildFile; fileRef = EE93F83E24CFBCCD00775ADB /* Main.storyboard */; };
		EE93F84324CFBCCD00775ADB /* _020MEMO.xcdatamodeld in Sources */ = {isa = PBXBuildFile; fileRef = EE93F84124CFBCCD00775ADB /* _020MEMO.xcdatamodeld */; };
		EE93F84524CFBCCE00775ADB /* Assets.xcassets in Resources */ = {isa = PBXBuildFile; fileRef = EE93F84424CFBCCE00775ADB /* Assets.xcassets */; };
		EE93F84824CFBCCE00775ADB /* LaunchScreen.storyboard in Resources */ = {isa = PBXBuildFile; fileRef = EE93F84624CFBCCE00775ADB /* LaunchScreen.storyboard */; };
		EE93F85124CFF18900775ADB /* Model.swift in Sources */ = {isa = PBXBuildFile; fileRef = EE93F85024CFF18900775ADB /* Model.swift */; };
		EE93F85324D0021F00775ADB /* MemoListTableViewController.swift in Sources */ = {isa = PBXBuildFile; fileRef = EE93F85224D0021F00775ADB /* MemoListTableViewController.swift */; };
/* End PBXBuildFile section */

/* Begin PBXFileReference section */
		EE04EF0D24D666B8007E6A96 /* DataManager.swift */ = {isa = PBXFileReference; lastKnownFileType = sourcecode.swift; path = DataManager.swift; sourceTree = "<group>"; };
		EE6024AA24D3A8AC0000DAB2 /* ComposeViewController.swift */ = {isa = PBXFileReference; lastKnownFileType = sourcecode.swift; path = ComposeViewController.swift; sourceTree = "<group>"; };
		EE6024AC24D476CE0000DAB2 /* UIViewController+Alert.swift */ = {isa = PBXFileReference; lastKnownFileType = sourcecode.swift; path = "UIViewController+Alert.swift"; sourceTree = "<group>"; };
		EE6024AE24D649610000DAB2 /* DetailViewController.swift */ = {isa = PBXFileReference; lastKnownFileType = sourcecode.swift; path = DetailViewController.swift; sourceTree = "<group>"; };
		EE93F83524CFBCCD00775ADB /* 2020MEMO.app */ = {isa = PBXFileReference; explicitFileType = wrapper.application; includeInIndex = 0; path = 2020MEMO.app; sourceTree = BUILT_PRODUCTS_DIR; };
		EE93F83824CFBCCD00775ADB /* AppDelegate.swift */ = {isa = PBXFileReference; lastKnownFileType = sourcecode.swift; path = AppDelegate.swift; sourceTree = "<group>"; };
		EE93F83A24CFBCCD00775ADB /* SceneDelegate.swift */ = {isa = PBXFileReference; lastKnownFileType = sourcecode.swift; path = SceneDelegate.swift; sourceTree = "<group>"; };
		EE93F83F24CFBCCD00775ADB /* Base */ = {isa = PBXFileReference; lastKnownFileType = file.storyboard; name = Base; path = Base.lproj/Main.storyboard; sourceTree = "<group>"; };
		EE93F84224CFBCCD00775ADB /* _020MEMO.xcdatamodel */ = {isa = PBXFileReference; lastKnownFileType = wrapper.xcdatamodel; path = _020MEMO.xcdatamodel; sourceTree = "<group>"; };
		EE93F84424CFBCCE00775ADB /* Assets.xcassets */ = {isa = PBXFileReference; lastKnownFileType = folder.assetcatalog; path = Assets.xcassets; sourceTree = "<group>"; };
		EE93F84724CFBCCE00775ADB /* Base */ = {isa = PBXFileReference; lastKnownFileType = file.storyboard; name = Base; path = Base.lproj/LaunchScreen.storyboard; sourceTree = "<group>"; };
		EE93F84924CFBCCE00775ADB /* Info.plist */ = {isa = PBXFileReference; lastKnownFileType = text.plist.xml; path = Info.plist; sourceTree = "<group>"; };
		EE93F85024CFF18900775ADB /* Model.swift */ = {isa = PBXFileReference; lastKnownFileType = sourcecode.swift; path = Model.swift; sourceTree = "<group>"; };
		EE93F85224D0021F00775ADB /* MemoListTableViewController.swift */ = {isa = PBXFileReference; lastKnownFileType = sourcecode.swift; path = MemoListTableViewController.swift; sourceTree = "<group>"; };
/* End PBXFileReference section */

/* Begin PBXFrameworksBuildPhase section */
		EE93F83224CFBCCD00775ADB /* Frameworks */ = {
			isa = PBXFrameworksBuildPhase;
			buildActionMask = 2147483647;
			files = (
			);
			runOnlyForDeploymentPostprocessing = 0;
		};
/* End PBXFrameworksBuildPhase section */

/* Begin PBXGroup section */
		EE04EF0C24D66687007E6A96 /* Data */ = {
			isa = PBXGroup;
			children = (
				EE04EF0D24D666B8007E6A96 /* DataManager.swift */,
			);
			path = Data;
			sourceTree = "<group>";
		};
		EE93F82C24CFBCCD00775ADB = {
			isa = PBXGroup;
			children = (
				EE93F83724CFBCCD00775ADB /* 2020MEMO */,
				EE93F83624CFBCCD00775ADB /* Products */,
			);
			sourceTree = "<group>";
		};
		EE93F83624CFBCCD00775ADB /* Products */ = {
			isa = PBXGroup;
			children = (
				EE93F83524CFBCCD00775ADB /* 2020MEMO.app */,
			);
			name = Products;
			sourceTree = "<group>";
		};
		EE93F83724CFBCCD00775ADB /* 2020MEMO */ = {
			isa = PBXGroup;
			children = (
				EE04EF0C24D66687007E6A96 /* Data */,
				EE93F84F24CFF16700775ADB /* Model */,
				EE93F83824CFBCCD00775ADB /* AppDelegate.swift */,
				EE93F83A24CFBCCD00775ADB /* SceneDelegate.swift */,
				EE93F83E24CFBCCD00775ADB /* Main.storyboard */,
				EE93F84424CFBCCE00775ADB /* Assets.xcassets */,
				EE93F84924CFBCCE00775ADB /* Info.plist */,
				EE93F84624CFBCCE00775ADB /* LaunchScreen.storyboard */,
				EE93F84124CFBCCD00775ADB /* _020MEMO.xcdatamodeld */,
				EE93F85224D0021F00775ADB /* MemoListTableViewController.swift */,
				EE6024AA24D3A8AC0000DAB2 /* ComposeViewController.swift */,
				EE6024AC24D476CE0000DAB2 /* UIViewController+Alert.swift */,
				EE6024AE24D649610000DAB2 /* DetailViewController.swift */,
			);
			path = 2020MEMO;
			sourceTree = "<group>";
		};
		EE93F84F24CFF16700775ADB /* Model */ = {
			isa = PBXGroup;
			children = (
				EE93F85024CFF18900775ADB /* Model.swift */,
			);
			path = Model;
			sourceTree = "<group>";
		};
/* End PBXGroup section */

/* Begin PBXNativeTarget section */
		EE93F83424CFBCCD00775ADB /* 2020MEMO */ = {
			isa = PBXNativeTarget;
			buildConfigurationList = EE93F84C24CFBCCE00775ADB /* Build configuration list for PBXNativeTarget "2020MEMO" */;
			buildPhases = (
				EE93F83124CFBCCD00775ADB /* Sources */,
				EE93F83224CFBCCD00775ADB /* Frameworks */,
				EE93F83324CFBCCD00775ADB /* Resources */,
			);
			buildRules = (
			);
			dependencies = (
			);
			name = 2020MEMO;
			productName = 2020MEMO;
			productReference = EE93F83524CFBCCD00775ADB /* 2020MEMO.app */;
			productType = "com.apple.product-type.application";
		};
/* End PBXNativeTarget section */

/* Begin PBXProject section */
		EE93F82D24CFBCCD00775ADB /* Project object */ = {
			isa = PBXProject;
			attributes = {
				LastSwiftUpdateCheck = 1130;
				LastUpgradeCheck = 1130;
				ORGANIZATIONNAME = yeseol;
				TargetAttributes = {
					EE93F83424CFBCCD00775ADB = {
						CreatedOnToolsVersion = 11.3.1;
					};
				};
			};
			buildConfigurationList = EE93F83024CFBCCD00775ADB /* Build configuration list for PBXProject "2020MEMO" */;
			compatibilityVersion = "Xcode 9.3";
			developmentRegion = en;
			hasScannedForEncodings = 0;
			knownRegions = (
				en,
				Base,
			);
			mainGroup = EE93F82C24CFBCCD00775ADB;
			productRefGroup = EE93F83624CFBCCD00775ADB /* Products */;
			projectDirPath = "";
			projectRoot = "";
			targets = (
				EE93F83424CFBCCD00775ADB /* 2020MEMO */,
			);
		};
/* End PBXProject section */

/* Begin PBXResourcesBuildPhase section */
		EE93F83324CFBCCD00775ADB /* Resources */ = {
			isa = PBXResourcesBuildPhase;
			buildActionMask = 2147483647;
			files = (
				EE93F84824CFBCCE00775ADB /* LaunchScreen.storyboard in Resources */,
				EE93F84524CFBCCE00775ADB /* Assets.xcassets in Resources */,
				EE93F84024CFBCCD00775ADB /* Main.storyboard in Resources */,
			);
			runOnlyForDeploymentPostprocessing = 0;
		};
/* End PBXResourcesBuildPhase section */

/* Begin PBXSourcesBuildPhase section */
		EE93F83124CFBCCD00775ADB /* Sources */ = {
			isa = PBXSourcesBuildPhase;
			buildActionMask = 2147483647;
			files = (
				EE93F84324CFBCCD00775ADB /* _020MEMO.xcdatamodeld in Sources */,
				EE93F83924CFBCCD00775ADB /* AppDelegate.swift in Sources */,
				EE93F85324D0021F00775ADB /* MemoListTableViewController.swift in Sources */,
				EE6024AB24D3A8AC0000DAB2 /* ComposeViewController.swift in Sources */,
				EE93F83B24CFBCCD00775ADB /* SceneDelegate.swift in Sources */,
				EE93F85124CFF18900775ADB /* Model.swift in Sources */,
				EE6024AD24D476CE0000DAB2 /* UIViewController+Alert.swift in Sources */,
				EE04EF0E24D666B8007E6A96 /* DataManager.swift in Sources */,
				EE6024AF24D649610000DAB2 /* DetailViewController.swift in Sources */,
			);
			runOnlyForDeploymentPostprocessing = 0;
		};
/* End PBXSourcesBuildPhase section */

/* Begin PBXVariantGroup section */
		EE93F83E24CFBCCD00775ADB /* Main.storyboard */ = {
			isa = PBXVariantGroup;
			children = (
				EE93F83F24CFBCCD00775ADB /* Base */,
			);
			name = Main.storyboard;
			sourceTree = "<group>";
		};
		EE93F84624CFBCCE00775ADB /* LaunchScreen.storyboard */ = {
			isa = PBXVariantGroup;
			children = (
				EE93F84724CFBCCE00775ADB /* Base */,
			);
			name = LaunchScreen.storyboard;
			sourceTree = "<group>";
		};
/* End PBXVariantGroup section */

/* Begin XCBuildConfiguration section */
		EE93F84A24CFBCCE00775ADB /* Debug */ = {
			isa = XCBuildConfiguration;
			buildSettings = {
				ALWAYS_SEARCH_USER_PATHS = NO;
				CLANG_ANALYZER_NONNULL = YES;
				CLANG_ANALYZER_NUMBER_OBJECT_CONVERSION = YES_AGGRESSIVE;
				CLANG_CXX_LANGUAGE_STANDARD = "gnu++14";
				CLANG_CXX_LIBRARY = "libc++";
				CLANG_ENABLE_MODULES = YES;
				CLANG_ENABLE_OBJC_ARC = YES;
				CLANG_ENABLE_OBJC_WEAK = YES;
				CLANG_WARN_BLOCK_CAPTURE_AUTORELEASING = YES;
				CLANG_WARN_BOOL_CONVERSION = YES;
				CLANG_WARN_COMMA = YES;
				CLANG_WARN_CONSTANT_CONVERSION = YES;
				CLANG_WARN_DEPRECATED_OBJC_IMPLEMENTATIONS = YES;
				CLANG_WARN_DIRECT_OBJC_ISA_USAGE = YES_ERROR;
				CLANG_WARN_DOCUMENTATION_COMMENTS = YES;
				CLANG_WARN_EMPTY_BODY = YES;
				CLANG_WARN_ENUM_CONVERSION = YES;
				CLANG_WARN_INFINITE_RECURSION = YES;
				CLANG_WARN_INT_CONVERSION = YES;
				CLANG_WARN_NON_LITERAL_NULL_CONVERSION = YES;
				CLANG_WARN_OBJC_IMPLICIT_RETAIN_SELF = YES;
				CLANG_WARN_OBJC_LITERAL_CONVERSION = YES;
				CLANG_WARN_OBJC_ROOT_CLASS = YES_ERROR;
				CLANG_WARN_RANGE_LOOP_ANALYSIS = YES;
				CLANG_WARN_STRICT_PROTOTYPES = YES;
				CLANG_WARN_SUSPICIOUS_MOVE = YES;
				CLANG_WARN_UNGUARDED_AVAILABILITY = YES_AGGRESSIVE;
				CLANG_WARN_UNREACHABLE_CODE = YES;
				CLANG_WARN__DUPLICATE_METHOD_MATCH = YES;
				COPY_PHASE_STRIP = NO;
				DEBUG_INFORMATION_FORMAT = dwarf;
				ENABLE_STRICT_OBJC_MSGSEND = YES;
				ENABLE_TESTABILITY = YES;
				GCC_C_LANGUAGE_STANDARD = gnu11;
				GCC_DYNAMIC_NO_PIC = NO;
				GCC_NO_COMMON_BLOCKS = YES;
				GCC_OPTIMIZATION_LEVEL = 0;
				GCC_PREPROCESSOR_DEFINITIONS = (
					"DEBUG=1",
					"$(inherited)",
				);
				GCC_WARN_64_TO_32_BIT_CONVERSION = YES;
				GCC_WARN_ABOUT_RETURN_TYPE = YES_ERROR;
				GCC_WARN_UNDECLARED_SELECTOR = YES;
				GCC_WARN_UNINITIALIZED_AUTOS = YES_AGGRESSIVE;
				GCC_WARN_UNUSED_FUNCTION = YES;
				GCC_WARN_UNUSED_VARIABLE = YES;
				IPHONEOS_DEPLOYMENT_TARGET = 13.2;
				MTL_ENABLE_DEBUG_INFO = INCLUDE_SOURCE;
				MTL_FAST_MATH = YES;
				ONLY_ACTIVE_ARCH = YES;
				SDKROOT = iphoneos;
				SWIFT_ACTIVE_COMPILATION_CONDITIONS = DEBUG;
				SWIFT_OPTIMIZATION_LEVEL = "-Onone";
			};
			name = Debug;
		};
		EE93F84B24CFBCCE00775ADB /* Release */ = {
			isa = XCBuildConfiguration;
			buildSettings = {
				ALWAYS_SEARCH_USER_PATHS = NO;
				CLANG_ANALYZER_NONNULL = YES;
				CLANG_ANALYZER_NUMBER_OBJECT_CONVERSION = YES_AGGRESSIVE;
				CLANG_CXX_LANGUAGE_STANDARD = "gnu++14";
				CLANG_CXX_LIBRARY = "libc++";
				CLANG_ENABLE_MODULES = YES;
				CLANG_ENABLE_OBJC_ARC = YES;
				CLANG_ENABLE_OBJC_WEAK = YES;
				CLANG_WARN_BLOCK_CAPTURE_AUTORELEASING = YES;
				CLANG_WARN_BOOL_CONVERSION = YES;
				CLANG_WARN_COMMA = YES;
				CLANG_WARN_CONSTANT_CONVERSION = YES;
				CLANG_WARN_DEPRECATED_OBJC_IMPLEMENTATIONS = YES;
				CLANG_WARN_DIRECT_OBJC_ISA_USAGE = YES_ERROR;
				CLANG_WARN_DOCUMENTATION_COMMENTS = YES;
				CLANG_WARN_EMPTY_BODY = YES;
				CLANG_WARN_ENUM_CONVERSION = YES;
				CLANG_WARN_INFINITE_RECURSION = YES;
				CLANG_WARN_INT_CONVERSION = YES;
				CLANG_WARN_NON_LITERAL_NULL_CONVERSION = YES;
				CLANG_WARN_OBJC_IMPLICIT_RETAIN_SELF = YES;
				CLANG_WARN_OBJC_LITERAL_CONVERSION = YES;
				CLANG_WARN_OBJC_ROOT_CLASS = YES_ERROR;
				CLANG_WARN_RANGE_LOOP_ANALYSIS = YES;
				CLANG_WARN_STRICT_PROTOTYPES = YES;
				CLANG_WARN_SUSPICIOUS_MOVE = YES;
				CLANG_WARN_UNGUARDED_AVAILABILITY = YES_AGGRESSIVE;
				CLANG_WARN_UNREACHABLE_CODE = YES;
				CLANG_WARN__DUPLICATE_METHOD_MATCH = YES;
				COPY_PHASE_STRIP = NO;
				DEBUG_INFORMATION_FORMAT = "dwarf-with-dsym";
				ENABLE_NS_ASSERTIONS = NO;
				ENABLE_STRICT_OBJC_MSGSEND = YES;
				GCC_C_LANGUAGE_STANDARD = gnu11;
				GCC_NO_COMMON_BLOCKS = YES;
				GCC_WARN_64_TO_32_BIT_CONVERSION = YES;
				GCC_WARN_ABOUT_RETURN_TYPE = YES_ERROR;
				GCC_WARN_UNDECLARED_SELECTOR = YES;
				GCC_WARN_UNINITIALIZED_AUTOS = YES_AGGRESSIVE;
				GCC_WARN_UNUSED_FUNCTION = YES;
				GCC_WARN_UNUSED_VARIABLE = YES;
				IPHONEOS_DEPLOYMENT_TARGET = 13.2;
				MTL_ENABLE_DEBUG_INFO = NO;
				MTL_FAST_MATH = YES;
				SDKROOT = iphoneos;
				SWIFT_COMPILATION_MODE = wholemodule;
				SWIFT_OPTIMIZATION_LEVEL = "-O";
				VALIDATE_PRODUCT = YES;
			};
			name = Release;
		};
		EE93F84D24CFBCCE00775ADB /* Debug */ = {
			isa = XCBuildConfiguration;
			buildSettings = {
				ASSETCATALOG_COMPILER_APPICON_NAME = AppIcon;
				CODE_SIGN_STYLE = Automatic;
				DEVELOPMENT_TEAM = 4A9999FUB4;
				INFOPLIST_FILE = 2020MEMO/Info.plist;
				IPHONEOS_DEPLOYMENT_TARGET = 10.0;
				LD_RUNPATH_SEARCH_PATHS = (
					"$(inherited)",
					"@executable_path/Frameworks",
				);
				PRODUCT_BUNDLE_IDENTIFIER = "net.yeseol.-020MEMO";
				PRODUCT_NAME = "$(TARGET_NAME)";
				SWIFT_VERSION = 5.0;
				TARGETED_DEVICE_FAMILY = "1,2";
			};
			name = Debug;
		};
		EE93F84E24CFBCCE00775ADB /* Release */ = {
			isa = XCBuildConfiguration;
			buildSettings = {
				ASSETCATALOG_COMPILER_APPICON_NAME = AppIcon;
				CODE_SIGN_STYLE = Automatic;
				DEVELOPMENT_TEAM = 4A9999FUB4;
				INFOPLIST_FILE = 2020MEMO/Info.plist;
				IPHONEOS_DEPLOYMENT_TARGET = 10.0;
				LD_RUNPATH_SEARCH_PATHS = (
					"$(inherited)",
					"@executable_path/Frameworks",
				);
				PRODUCT_BUNDLE_IDENTIFIER = "net.yeseol.-020MEMO";
				PRODUCT_NAME = "$(TARGET_NAME)";
				SWIFT_VERSION = 5.0;
				TARGETED_DEVICE_FAMILY = "1,2";
			};
			name = Release;
		};
/* End XCBuildConfiguration section */

/* Begin XCConfigurationList section */
		EE93F83024CFBCCD00775ADB /* Build configuration list for PBXProject "2020MEMO" */ = {
			isa = XCConfigurationList;
			buildConfigurations = (
				EE93F84A24CFBCCE00775ADB /* Debug */,
				EE93F84B24CFBCCE00775ADB /* Release */,
			);
			defaultConfigurationIsVisible = 0;
			defaultConfigurationName = Release;
		};
		EE93F84C24CFBCCE00775ADB /* Build configuration list for PBXNativeTarget "2020MEMO" */ = {
			isa = XCConfigurationList;
			buildConfigurations = (
				EE93F84D24CFBCCE00775ADB /* Debug */,
				EE93F84E24CFBCCE00775ADB /* Release */,
			);
			defaultConfigurationIsVisible = 0;
			defaultConfigurationName = Release;
		};
/* End XCConfigurationList section */

/* Begin XCVersionGroup section */
		EE93F84124CFBCCD00775ADB /* _020MEMO.xcdatamodeld */ = {
			isa = XCVersionGroup;
			children = (
				EE93F84224CFBCCD00775ADB /* _020MEMO.xcdatamodel */,
			);
			currentVersion = EE93F84224CFBCCD00775ADB /* _020MEMO.xcdatamodel */;
			path = _020MEMO.xcdatamodeld;
			sourceTree = "<group>";
			versionGroupType = wrapper.xcdatamodel;
		};
/* End XCVersionGroup section */
	};
	rootObject = EE93F82D24CFBCCD00775ADB /* Project object */;
}
